
Microsoft Visual Studio Solution File, Format Version 12.00
# Visual Studio Version 16
VisualStudioVersion = 16.0.30503.244
MinimumVisualStudioVersion = 10.0.40219.1
Project("{9A19103F-16F7-4668-BE54-9A1E7A4F7556}") = "ShipController", "ShipController.csproj", "{1BDE3934-F391-45C2-9A66-65D1E8F3B114}"
EndProject
Project("{9A19103F-16F7-4668-BE54-9A1E7A4F7556}") = "ShipControllerTest", "..\Tests\ShipControllerTest.csproj", "{B858E262-EA7A-4A49-A428-F532B3C82977}"
EndProject
Global
	GlobalSection(SolutionConfigurationPlatforms) = preSolution
		Debug|Any CPU = Debug|Any CPU
		Release|Any CPU = Release|Any CPU
	EndGlobalSection
	GlobalSection(ProjectConfigurationPlatforms) = postSolution
		{1BDE3934-F391-45C2-9A66-65D1E8F3B114}.Debug|Any CPU.ActiveCfg = Debug|Any CPU
		{1BDE3934-F391-45C2-9A66-65D1E8F3B114}.Debug|Any CPU.Build.0 = Debug|Any CPU
		{1BDE3934-F391-45C2-9A66-65D1E8F3B114}.Release|Any CPU.ActiveCfg = Release|Any CPU
		{1BDE3934-F391-45C2-9A66-65D1E8F3B114}.Release|Any CPU.Build.0 = Release|Any CPU
		{B858E262-EA7A-4A49-A428-F532B3C82977}.Debug|Any CPU.ActiveCfg = Debug|Any CPU
		{B858E262-EA7A-4A49-A428-F532B3C82977}.Debug|Any CPU.Build.0 = Debug|Any CPU
		{B858E262-EA7A-4A49-A428-F532B3C82977}.Release|Any CPU.ActiveCfg = Release|Any CPU
		{B858E262-EA7A-4A49-A428-F532B3C82977}.Release|Any CPU.Build.0 = Release|Any CPU
	EndGlobalSection
	GlobalSection(SolutionProperties) = preSolution
		HideSolutionNode = FALSE
	EndGlobalSection
	GlobalSection(ExtensibilityGlobals) = postSolution
		SolutionGuid = {020C5AAF-0287-4A7E-9722-2998946EC528}
	EndGlobalSection
EndGlobal
